Microsoft Visual Studio Solution File, Format Version 11.00
# Visual Studio 2008

Project("{849FDC19-2930-B1B2-D6A6-28090BCEDA77}") = "TAMKgame", "Assembly-CSharp.csproj", "{DEBE133F-FF1C-9C03-07AF-D04AC72596F0}"
EndProject
Global
	GlobalSection(SolutionConfigurationPlatforms) = preSolution
		Debug|Any CPU = Debug|Any CPU
		Release|Any CPU = Release|Any CPU
	EndGlobalSection
	GlobalSection(ProjectConfigurationPlatforms) = postSolution
		{DEBE133F-FF1C-9C03-07AF-D04AC72596F0}.Debug|Any CPU.ActiveCfg = Debug|Any CPU
		{DEBE133F-FF1C-9C03-07AF-D04AC72596F0}.Debug|Any CPU.Build.0 = Debug|Any CPU
		{DEBE133F-FF1C-9C03-07AF-D04AC72596F0}.Release|Any CPU.ActiveCfg = Release|Any CPU
		{DEBE133F-FF1C-9C03-07AF-D04AC72596F0}.Release|Any CPU.Build.0 = Release|Any CPU
	EndGlobalSection
	GlobalSection(SolutionProperties) = preSolution
		HideSolutionNode = FALSE
	EndGlobalSection
	GlobalSection(MonoDevelopProperties) = preSolution
		StartupItem = Assembly-CSharp.csproj
	EndGlobalSection
EndGlobal
